
Microsoft Visual Studio Solution File, Format Version 12.00
# Visual Studio 15
VisualStudioVersion = 15.0.27004.2008
MinimumVisualStudioVersion = 10.0.40219.1
Project("{FAE04EC0-301F-11D3-BF4B-00C04F79EFBC}") = "ExcelBulkInsert", "ExcelBulkInsert\ExcelBulkInsert.csproj", "{62A44519-AB13-4077-B2A7-C61A6C44B846}"
EndProject
Project("{FAE04EC0-301F-11D3-BF4B-00C04F79EFBC}") = "ExcelValidator", "ExcelValidator\ExcelValidator.csproj", "{973535A5-B305-46A7-8A0F-634C36059E44}"
EndProject
Global
	GlobalSection(SolutionConfigurationPlatforms) = preSolution
		Debug|Any CPU = Debug|Any CPU
		Release|Any CPU = Release|Any CPU
	EndGlobalSection
	GlobalSection(ProjectConfigurationPlatforms) = postSolution
		{62A44519-AB13-4077-B2A7-C61A6C44B846}.Debug|Any CPU.ActiveCfg = Debug|Any CPU
		{62A44519-AB13-4077-B2A7-C61A6C44B846}.Debug|Any CPU.Build.0 = Debug|Any CPU
		{62A44519-AB13-4077-B2A7-C61A6C44B846}.Release|Any CPU.ActiveCfg = Release|Any CPU
		{62A44519-AB13-4077-B2A7-C61A6C44B846}.Release|Any CPU.Build.0 = Release|Any CPU
		{973535A5-B305-46A7-8A0F-634C36059E44}.Debug|Any CPU.ActiveCfg = Debug|Any CPU
		{973535A5-B305-46A7-8A0F-634C36059E44}.Debug|Any CPU.Build.0 = Debug|Any CPU
		{973535A5-B305-46A7-8A0F-634C36059E44}.Release|Any CPU.ActiveCfg = Release|Any CPU
		{973535A5-B305-46A7-8A0F-634C36059E44}.Release|Any CPU.Build.0 = Release|Any CPU
	EndGlobalSection
	GlobalSection(SolutionProperties) = preSolution
		HideSolutionNode = FALSE
	EndGlobalSection
	GlobalSection(ExtensibilityGlobals) = postSolution
		SolutionGuid = {03E3B2C9-7FE3-4466-BB5C-73475F183FF7}
	EndGlobalSection
EndGlobal
